
Microsoft Visual Studio Solution File, Format Version 12.00
# Visual Studio Version 16
VisualStudioVersion = 16.0.30406.217
MinimumVisualStudioVersion = 10.0.40219.1
Project("{F184B08F-C81C-45F6-A57F-5ABD9991F28F}") = "dokumen_word", "dokumen_word\dokumen_word.vbproj", "{BD5AB40E-E1AE-4581-895C-D6B5CEB3108F}"
EndProject
Global
	GlobalSection(SolutionConfigurationPlatforms) = preSolution
		Debug|Any CPU = Debug|Any CPU
		Release|Any CPU = Release|Any CPU
	EndGlobalSection
	GlobalSection(ProjectConfigurationPlatforms) = postSolution
		{BD5AB40E-E1AE-4581-895C-D6B5CEB3108F}.Debug|Any CPU.ActiveCfg = Debug|Any CPU
		{BD5AB40E-E1AE-4581-895C-D6B5CEB3108F}.Debug|Any CPU.Build.0 = Debug|Any CPU
		{BD5AB40E-E1AE-4581-895C-D6B5CEB3108F}.Release|Any CPU.ActiveCfg = Release|Any CPU
		{BD5AB40E-E1AE-4581-895C-D6B5CEB3108F}.Release|Any CPU.Build.0 = Release|Any CPU
	EndGlobalSection
	GlobalSection(SolutionProperties) = preSolution
		HideSolutionNode = FALSE
	EndGlobalSection
	GlobalSection(ExtensibilityGlobals) = postSolution
		SolutionGuid = {E7E01C4E-D0BD-4662-B72B-59ACBD6F9BB0}
	EndGlobalSection
EndGlobal
