
Microsoft Visual Studio Solution File, Format Version 12.00
# Visual Studio Version 16
VisualStudioVersion = 16.0.30406.217
MinimumVisualStudioVersion = 10.0.40219.1
Project("{F184B08F-C81C-45F6-A57F-5ABD9991F28F}") = "data_mahasiswa", "data_mahasiswa\data_mahasiswa.vbproj", "{370E4FFF-E5A1-44F9-9322-DB541E8581FF}"
EndProject
Global
	GlobalSection(SolutionConfigurationPlatforms) = preSolution
		Debug|Any CPU = Debug|Any CPU
		Release|Any CPU = Release|Any CPU
	EndGlobalSection
	GlobalSection(ProjectConfigurationPlatforms) = postSolution
		{370E4FFF-E5A1-44F9-9322-DB541E8581FF}.Debug|Any CPU.ActiveCfg = Debug|Any CPU
		{370E4FFF-E5A1-44F9-9322-DB541E8581FF}.Debug|Any CPU.Build.0 = Debug|Any CPU
		{370E4FFF-E5A1-44F9-9322-DB541E8581FF}.Release|Any CPU.ActiveCfg = Release|Any CPU
		{370E4FFF-E5A1-44F9-9322-DB541E8581FF}.Release|Any CPU.Build.0 = Release|Any CPU
	EndGlobalSection
	GlobalSection(SolutionProperties) = preSolution
		HideSolutionNode = FALSE
	EndGlobalSection
	GlobalSection(ExtensibilityGlobals) = postSolution
		SolutionGuid = {1984A71C-752B-4295-A7D0-FFEFB8FFC799}
	EndGlobalSection
EndGlobal
